
Microsoft Visual Studio Solution File, Format Version 12.00
# Visual Studio Version 17
VisualStudioVersion = 17.4.33205.214
MinimumVisualStudioVersion = 10.0.40219.1
Project("{FAE04EC0-301F-11D3-BF4B-00C04F79EFBC}") = "PocDataProtection", "PocDataProtection.csproj", "{5B8797F9-FDE5-4052-A1CD-3CDAF18EBF45}"
EndProject
Global
	GlobalSection(SolutionConfigurationPlatforms) = preSolution
		Debug|Any CPU = Debug|Any CPU
		Release|Any CPU = Release|Any CPU
	EndGlobalSection
	GlobalSection(ProjectConfigurationPlatforms) = postSolution
		{5B8797F9-FDE5-4052-A1CD-3CDAF18EBF45}.Debug|Any CPU.ActiveCfg = Debug|Any CPU
		{5B8797F9-FDE5-4052-A1CD-3CDAF18EBF45}.Debug|Any CPU.Build.0 = Debug|Any CPU
		{5B8797F9-FDE5-4052-A1CD-3CDAF18EBF45}.Release|Any CPU.ActiveCfg = Release|Any CPU
		{5B8797F9-FDE5-4052-A1CD-3CDAF18EBF45}.Release|Any CPU.Build.0 = Release|Any CPU
	EndGlobalSection
	GlobalSection(SolutionProperties) = preSolution
		HideSolutionNode = FALSE
	EndGlobalSection
	GlobalSection(ExtensibilityGlobals) = postSolution
		SolutionGuid = {D04A6209-AC0A-41AA-B312-0BA387BC66A5}
	EndGlobalSection
EndGlobal
